
Microsoft Visual Studio Solution File, Format Version 12.00
# Visual Studio Version 17
VisualStudioVersion = 17.5.002.0
MinimumVisualStudioVersion = 10.0.40219.1
Project("{9A19103F-16F7-4668-BE54-9A1E7A4F7556}") = "Weddingplaner", "Weddingplaner.csproj", "{9829F455-EE19-4073-8AC0-2FEBFDEFBBFF}"
EndProject
Global
	GlobalSection(SolutionConfigurationPlatforms) = preSolution
		Debug|Any CPU = Debug|Any CPU
		Release|Any CPU = Release|Any CPU
	EndGlobalSection
	GlobalSection(ProjectConfigurationPlatforms) = postSolution
		{9829F455-EE19-4073-8AC0-2FEBFDEFBBFF}.Debug|Any CPU.ActiveCfg = Debug|Any CPU
		{9829F455-EE19-4073-8AC0-2FEBFDEFBBFF}.Debug|Any CPU.Build.0 = Debug|Any CPU
		{9829F455-EE19-4073-8AC0-2FEBFDEFBBFF}.Release|Any CPU.ActiveCfg = Release|Any CPU
		{9829F455-EE19-4073-8AC0-2FEBFDEFBBFF}.Release|Any CPU.Build.0 = Release|Any CPU
	EndGlobalSection
	GlobalSection(SolutionProperties) = preSolution
		HideSolutionNode = FALSE
	EndGlobalSection
	GlobalSection(ExtensibilityGlobals) = postSolution
		SolutionGuid = {5A7CA22C-64AC-4368-A283-BAB3E0534C46}
	EndGlobalSection
EndGlobal
